
Microsoft Visual Studio Solution File, Format Version 12.00
# Visual Studio Version 16
VisualStudioVersion = 16.0.30907.101
MinimumVisualStudioVersion = 10.0.40219.1
Project("{9A19103F-16F7-4668-BE54-9A1E7A4F7556}") = "AppAfpaBrive.Web", "AppAfpaBrive.Web\AppAfpaBrive.Web.csproj", "{57ADB2A7-A817-40AA-9359-DA319ED42142}"
EndProject
Project("{9A19103F-16F7-4668-BE54-9A1E7A4F7556}") = "AppAfpaBrive.BOL", "AppAfpaBrive.BOL\AppAfpaBrive.BOL.csproj", "{804A8F6D-7EA7-4B22-8C0E-D6FDBC7F525E}"
EndProject
Project("{9A19103F-16F7-4668-BE54-9A1E7A4F7556}") = "AppAfpaBrive.DAL", "AppAfpaBrive.DAL\AppAfpaBrive.DAL.csproj", "{685765B5-0658-4CBC-9C58-0FDA0CB58014}"
EndProject
Project("{9A19103F-16F7-4668-BE54-9A1E7A4F7556}") = "Projet_Test", "Projet_Test\Projet_Test.csproj", "{9310378E-AAA1-4CE2-8389-EACF251FEE95}"
EndProject
Project("{FAE04EC0-301F-11D3-BF4B-00C04F79EFBC}") = "UploadDLL", "UploadDLL\UploadDLL.csproj", "{218563A5-E007-40B9-A1E0-B7F10FDBEFB5}"
EndProject
Global
	GlobalSection(SolutionConfigurationPlatforms) = preSolution
		Debug|Any CPU = Debug|Any CPU
		Debug|ARM = Debug|ARM
		Debug|ARM64 = Debug|ARM64
		Debug|x64 = Debug|x64
		Debug|x86 = Debug|x86
		Release|Any CPU = Release|Any CPU
		Release|ARM = Release|ARM
		Release|ARM64 = Release|ARM64
		Release|x64 = Release|x64
		Release|x86 = Release|x86
	EndGlobalSection
	GlobalSection(ProjectConfigurationPlatforms) = postSolution
		{57ADB2A7-A817-40AA-9359-DA319ED42142}.Debug|Any CPU.ActiveCfg = Debug|Any CPU
		{57ADB2A7-A817-40AA-9359-DA319ED42142}.Debug|Any CPU.Build.0 = Debug|Any CPU
		{57ADB2A7-A817-40AA-9359-DA319ED42142}.Debug|ARM.ActiveCfg = Debug|Any CPU
		{57ADB2A7-A817-40AA-9359-DA319ED42142}.Debug|ARM.Build.0 = Debug|Any CPU
		{57ADB2A7-A817-40AA-9359-DA319ED42142}.Debug|ARM64.ActiveCfg = Debug|Any CPU
		{57ADB2A7-A817-40AA-9359-DA319ED42142}.Debug|ARM64.Build.0 = Debug|Any CPU
		{57ADB2A7-A817-40AA-9359-DA319ED42142}.Debug|x64.ActiveCfg = Debug|Any CPU
		{57ADB2A7-A817-40AA-9359-DA319ED42142}.Debug|x64.Build.0 = Debug|Any CPU
		{57ADB2A7-A817-40AA-9359-DA319ED42142}.Debug|x86.ActiveCfg = Debug|Any CPU
		{57ADB2A7-A817-40AA-9359-DA319ED42142}.Debug|x86.Build.0 = Debug|Any CPU
		{57ADB2A7-A817-40AA-9359-DA319ED42142}.Release|Any CPU.ActiveCfg = Release|Any CPU
		{57ADB2A7-A817-40AA-9359-DA319ED42142}.Release|Any CPU.Build.0 = Release|Any CPU
		{57ADB2A7-A817-40AA-9359-DA319ED42142}.Release|ARM.ActiveCfg = Release|Any CPU
		{57ADB2A7-A817-40AA-9359-DA319ED42142}.Release|ARM.Build.0 = Release|Any CPU
		{57ADB2A7-A817-40AA-9359-DA319ED42142}.Release|ARM64.ActiveCfg = Release|Any CPU
		{57ADB2A7-A817-40AA-9359-DA319ED42142}.Release|ARM64.Build.0 = Release|Any CPU
		{57ADB2A7-A817-40AA-9359-DA319ED42142}.Release|x64.ActiveCfg = Release|Any CPU
		{57ADB2A7-A817-40AA-9359-DA319ED42142}.Release|x64.Build.0 = Release|Any CPU
		{57ADB2A7-A817-40AA-9359-DA319ED42142}.Release|x86.ActiveCfg = Release|Any CPU
		{57ADB2A7-A817-40AA-9359-DA319ED42142}.Release|x86.Build.0 = Release|Any CPU
		{804A8F6D-7EA7-4B22-8C0E-D6FDBC7F525E}.Debug|Any CPU.ActiveCfg = Debug|Any CPU
		{804A8F6D-7EA7-4B22-8C0E-D6FDBC7F525E}.Debug|Any CPU.Build.0 = Debug|Any CPU
		{804A8F6D-7EA7-4B22-8C0E-D6FDBC7F525E}.Debug|ARM.ActiveCfg = Debug|Any CPU
		{804A8F6D-7EA7-4B22-8C0E-D6FDBC7F525E}.Debug|ARM.Build.0 = Debug|Any CPU
		{804A8F6D-7EA7-4B22-8C0E-D6FDBC7F525E}.Debug|ARM64.ActiveCfg = Debug|Any CPU
		{804A8F6D-7EA7-4B22-8C0E-D6FDBC7F525E}.Debug|ARM64.Build.0 = Debug|Any CPU
		{804A8F6D-7EA7-4B22-8C0E-D6FDBC7F525E}.Debug|x64.ActiveCfg = Debug|Any CPU
		{804A8F6D-7EA7-4B22-8C0E-D6FDBC7F525E}.Debug|x64.Build.0 = Debug|Any CPU
		{804A8F6D-7EA7-4B22-8C0E-D6FDBC7F525E}.Debug|x86.ActiveCfg = Debug|Any CPU
		{804A8F6D-7EA7-4B22-8C0E-D6FDBC7F525E}.Debug|x86.Build.0 = Debug|Any CPU
		{804A8F6D-7EA7-4B22-8C0E-D6FDBC7F525E}.Release|Any CPU.ActiveCfg = Release|Any CPU
		{804A8F6D-7EA7-4B22-8C0E-D6FDBC7F525E}.Release|Any CPU.Build.0 = Release|Any CPU
		{804A8F6D-7EA7-4B22-8C0E-D6FDBC7F525E}.Release|ARM.ActiveCfg = Release|Any CPU
		{804A8F6D-7EA7-4B22-8C0E-D6FDBC7F525E}.Release|ARM.Build.0 = Release|Any CPU
		{804A8F6D-7EA7-4B22-8C0E-D6FDBC7F525E}.Release|ARM64.ActiveCfg = Release|Any CPU
		{804A8F6D-7EA7-4B22-8C0E-D6FDBC7F525E}.Release|ARM64.Build.0 = Release|Any CPU
		{804A8F6D-7EA7-4B22-8C0E-D6FDBC7F525E}.Release|x64.ActiveCfg = Release|Any CPU
		{804A8F6D-7EA7-4B22-8C0E-D6FDBC7F525E}.Release|x64.Build.0 = Release|Any CPU
		{804A8F6D-7EA7-4B22-8C0E-D6FDBC7F525E}.Release|x86.ActiveCfg = Release|Any CPU
		{804A8F6D-7EA7-4B22-8C0E-D6FDBC7F525E}.Release|x86.Build.0 = Release|Any CPU
		{685765B5-0658-4CBC-9C58-0FDA0CB58014}.Debug|Any CPU.ActiveCfg = Debug|Any CPU
		{685765B5-0658-4CBC-9C58-0FDA0CB58014}.Debug|Any CPU.Build.0 = Debug|Any CPU
		{685765B5-0658-4CBC-9C58-0FDA0CB58014}.Debug|ARM.ActiveCfg = Debug|Any CPU
		{685765B5-0658-4CBC-9C58-0FDA0CB58014}.Debug|ARM.Build.0 = Debug|Any CPU
		{685765B5-0658-4CBC-9C58-0FDA0CB58014}.Debug|ARM64.ActiveCfg = Debug|Any CPU
		{685765B5-0658-4CBC-9C58-0FDA0CB58014}.Debug|ARM64.Build.0 = Debug|Any CPU
		{685765B5-0658-4CBC-9C58-0FDA0CB58014}.Debug|x64.ActiveCfg = Debug|Any CPU
		{685765B5-0658-4CBC-9C58-0FDA0CB58014}.Debug|x64.Build.0 = Debug|Any CPU
		{685765B5-0658-4CBC-9C58-0FDA0CB58014}.Debug|x86.ActiveCfg = Debug|Any CPU
		{685765B5-0658-4CBC-9C58-0FDA0CB58014}.Debug|x86.Build.0 = Debug|Any CPU
		{685765B5-0658-4CBC-9C58-0FDA0CB58014}.Release|Any CPU.ActiveCfg = Release|Any CPU
		{685765B5-0658-4CBC-9C58-0FDA0CB58014}.Release|Any CPU.Build.0 = Release|Any CPU
		{685765B5-0658-4CBC-9C58-0FDA0CB58014}.Release|ARM.ActiveCfg = Release|Any CPU
		{685765B5-0658-4CBC-9C58-0FDA0CB58014}.Release|ARM.Build.0 = Release|Any CPU
		{685765B5-0658-4CBC-9C58-0FDA0CB58014}.Release|ARM64.ActiveCfg = Release|Any CPU
		{685765B5-0658-4CBC-9C58-0FDA0CB58014}.Release|ARM64.Build.0 = Release|Any CPU
		{685765B5-0658-4CBC-9C58-0FDA0CB58014}.Release|x64.ActiveCfg = Release|Any CPU
		{685765B5-0658-4CBC-9C58-0FDA0CB58014}.Release|x64.Build.0 = Release|Any CPU
		{685765B5-0658-4CBC-9C58-0FDA0CB58014}.Release|x86.ActiveCfg = Release|Any CPU
		{685765B5-0658-4CBC-9C58-0FDA0CB58014}.Release|x86.Build.0 = Release|Any CPU
		{9310378E-AAA1-4CE2-8389-EACF251FEE95}.Debug|Any CPU.ActiveCfg = Debug|Any CPU
		{9310378E-AAA1-4CE2-8389-EACF251FEE95}.Debug|Any CPU.Build.0 = Debug|Any CPU
		{9310378E-AAA1-4CE2-8389-EACF251FEE95}.Debug|ARM.ActiveCfg = Debug|Any CPU
		{9310378E-AAA1-4CE2-8389-EACF251FEE95}.Debug|ARM.Build.0 = Debug|Any CPU
		{9310378E-AAA1-4CE2-8389-EACF251FEE95}.Debug|ARM64.ActiveCfg = Debug|Any CPU
		{9310378E-AAA1-4CE2-8389-EACF251FEE95}.Debug|ARM64.Build.0 = Debug|Any CPU
		{9310378E-AAA1-4CE2-8389-EACF251FEE95}.Debug|x64.ActiveCfg = Debug|Any CPU
		{9310378E-AAA1-4CE2-8389-EACF251FEE95}.Debug|x64.Build.0 = Debug|Any CPU
		{9310378E-AAA1-4CE2-8389-EACF251FEE95}.Debug|x86.ActiveCfg = Debug|Any CPU
		{9310378E-AAA1-4CE2-8389-EACF251FEE95}.Debug|x86.Build.0 = Debug|Any CPU
		{9310378E-AAA1-4CE2-8389-EACF251FEE95}.Release|Any CPU.ActiveCfg = Release|Any CPU
		{9310378E-AAA1-4CE2-8389-EACF251FEE95}.Release|Any CPU.Build.0 = Release|Any CPU
		{9310378E-AAA1-4CE2-8389-EACF251FEE95}.Release|ARM.ActiveCfg = Release|Any CPU
		{9310378E-AAA1-4CE2-8389-EACF251FEE95}.Release|ARM.Build.0 = Release|Any CPU
		{9310378E-AAA1-4CE2-8389-EACF251FEE95}.Release|ARM64.ActiveCfg = Release|Any CPU
		{9310378E-AAA1-4CE2-8389-EACF251FEE95}.Release|ARM64.Build.0 = Release|Any CPU
		{9310378E-AAA1-4CE2-8389-EACF251FEE95}.Release|x64.ActiveCfg = Release|Any CPU
		{9310378E-AAA1-4CE2-8389-EACF251FEE95}.Release|x64.Build.0 = Release|Any CPU
		{9310378E-AAA1-4CE2-8389-EACF251FEE95}.Release|x86.ActiveCfg = Release|Any CPU
		{9310378E-AAA1-4CE2-8389-EACF251FEE95}.Release|x86.Build.0 = Release|Any CPU
		{218563A5-E007-40B9-A1E0-B7F10FDBEFB5}.Debug|Any CPU.ActiveCfg = Debug|Any CPU
		{218563A5-E007-40B9-A1E0-B7F10FDBEFB5}.Debug|Any CPU.Build.0 = Debug|Any CPU
		{218563A5-E007-40B9-A1E0-B7F10FDBEFB5}.Debug|ARM.ActiveCfg = Debug|ARM
		{218563A5-E007-40B9-A1E0-B7F10FDBEFB5}.Debug|ARM.Build.0 = Debug|ARM
		{218563A5-E007-40B9-A1E0-B7F10FDBEFB5}.Debug|ARM64.ActiveCfg = Debug|ARM64
		{218563A5-E007-40B9-A1E0-B7F10FDBEFB5}.Debug|ARM64.Build.0 = Debug|ARM64
		{218563A5-E007-40B9-A1E0-B7F10FDBEFB5}.Debug|x64.ActiveCfg = Debug|x64
		{218563A5-E007-40B9-A1E0-B7F10FDBEFB5}.Debug|x64.Build.0 = Debug|x64
		{218563A5-E007-40B9-A1E0-B7F10FDBEFB5}.Debug|x86.ActiveCfg = Debug|x86
		{218563A5-E007-40B9-A1E0-B7F10FDBEFB5}.Debug|x86.Build.0 = Debug|x86
		{218563A5-E007-40B9-A1E0-B7F10FDBEFB5}.Release|Any CPU.ActiveCfg = Release|Any CPU
		{218563A5-E007-40B9-A1E0-B7F10FDBEFB5}.Release|Any CPU.Build.0 = Release|Any CPU
		{218563A5-E007-40B9-A1E0-B7F10FDBEFB5}.Release|ARM.ActiveCfg = Release|ARM
		{218563A5-E007-40B9-A1E0-B7F10FDBEFB5}.Release|ARM.Build.0 = Release|ARM
		{218563A5-E007-40B9-A1E0-B7F10FDBEFB5}.Release|ARM64.ActiveCfg = Release|ARM64
		{218563A5-E007-40B9-A1E0-B7F10FDBEFB5}.Release|ARM64.Build.0 = Release|ARM64
		{218563A5-E007-40B9-A1E0-B7F10FDBEFB5}.Release|x64.ActiveCfg = Release|x64
		{218563A5-E007-40B9-A1E0-B7F10FDBEFB5}.Release|x64.Build.0 = Release|x64
		{218563A5-E007-40B9-A1E0-B7F10FDBEFB5}.Release|x86.ActiveCfg = Release|x86
		{218563A5-E007-40B9-A1E0-B7F10FDBEFB5}.Release|x86.Build.0 = Release|x86
	EndGlobalSection
	GlobalSection(SolutionProperties) = preSolution
		HideSolutionNode = FALSE
	EndGlobalSection
	GlobalSection(ExtensibilityGlobals) = postSolution
		SolutionGuid = {4BBF6565-9139-4A93-A0F0-E2B28461EACA}
	EndGlobalSection
EndGlobal
